// !$*UTF8*$!
{
	archiveVersion = 1;
	classes = {
	};
	objectVersion = 56;
	objects = {

/* Begin PBXBuildFile section */
		A11F02E92CDAEF5C00D85332 /* tester_1.cpp in Sources */ = {isa = PBXBuildFile; fileRef = A11F02E72CDAEF5C00D85332 /* tester_1.cpp */; };
		A11F02EF2CDAF04600D85332 /* book.cpp in Sources */ = {isa = PBXBuildFile; fileRef = A11F02ED2CDAF04600D85332 /* book.cpp */; };
		A11F02F22CDAF05600D85332 /* movie.cpp in Sources */ = {isa = PBXBuildFile; fileRef = A11F02F02CDAF05600D85332 /* movie.cpp */; };
		A11F02F52CDAF06500D85332 /* tvShow.cpp in Sources */ = {isa = PBXBuildFile; fileRef = A11F02F32CDAF06500D85332 /* tvShow.cpp */; };
		A11F02F82CDAF0AB00D85332 /* spellChecker.cpp in Sources */ = {isa = PBXBuildFile; fileRef = A11F02F62CDAF0AB00D85332 /* spellChecker.cpp */; };
		A11F02FB2CDAF0B900D85332 /* collection.cpp in Sources */ = {isa = PBXBuildFile; fileRef = A11F02F92CDAF0B900D85332 /* collection.cpp */; };
/* End PBXBuildFile section */

/* Begin PBXCopyFilesBuildPhase section */
		A1D81C4D2CDAEE6600F70CE7 /* CopyFiles */ = {
			isa = PBXCopyFilesBuildPhase;
			buildActionMask = 2147483647;
			dstPath = /usr/share/man/man1/;
			dstSubfolderSpec = 0;
			files = (
			);
			runOnlyForDeploymentPostprocessing = 1;
		};
/* End PBXCopyFilesBuildPhase section */

/* Begin PBXFileReference section */
		A11F02E12CDAEF5C00D85332 /* books.csv */ = {isa = PBXFileReference; fileEncoding = 4; lastKnownFileType = text; path = books.csv; sourceTree = "<group>"; };
		A11F02E22CDAEF5C00D85332 /* movies.csv */ = {isa = PBXFileReference; fileEncoding = 4; lastKnownFileType = text; path = movies.csv; sourceTree = "<group>"; };
		A11F02E32CDAEF5C00D85332 /* got.csv */ = {isa = PBXFileReference; fileEncoding = 4; lastKnownFileType = text; path = got.csv; sourceTree = "<group>"; };
		A11F02E42CDAEF5C00D85332 /* episodes.csv */ = {isa = PBXFileReference; fileEncoding = 4; lastKnownFileType = text; path = episodes.csv; sourceTree = "<group>"; };
		A11F02E52CDAEF5C00D85332 /* tvShows.csv */ = {isa = PBXFileReference; fileEncoding = 4; lastKnownFileType = text; path = tvShows.csv; sourceTree = "<group>"; };
		A11F02E62CDAEF5C00D85332 /* mediaItem.h */ = {isa = PBXFileReference; fileEncoding = 4; lastKnownFileType = sourcecode.c.h; path = mediaItem.h; sourceTree = "<group>"; };
		A11F02E72CDAEF5C00D85332 /* tester_1.cpp */ = {isa = PBXFileReference; fileEncoding = 4; lastKnownFileType = sourcecode.cpp.cpp; path = tester_1.cpp; sourceTree = "<group>"; };
		A11F02E82CDAEF5C00D85332 /* words.txt */ = {isa = PBXFileReference; fileEncoding = 4; lastKnownFileType = text; path = words.txt; sourceTree = "<group>"; };
		A11F02EB2CDAEF8800D85332 /* settings.h */ = {isa = PBXFileReference; lastKnownFileType = sourcecode.c.h; path = settings.h; sourceTree = "<group>"; };
		A11F02ED2CDAF04600D85332 /* book.cpp */ = {isa = PBXFileReference; lastKnownFileType = sourcecode.cpp.cpp; path = book.cpp; sourceTree = "<group>"; };
		A11F02EE2CDAF04600D85332 /* book.h */ = {isa = PBXFileReference; lastKnownFileType = sourcecode.c.h; path = book.h; sourceTree = "<group>"; };
		A11F02F02CDAF05600D85332 /* movie.cpp */ = {isa = PBXFileReference; lastKnownFileType = sourcecode.cpp.cpp; path = movie.cpp; sourceTree = "<group>"; };
		A11F02F12CDAF05600D85332 /* movie.h */ = {isa = PBXFileReference; lastKnownFileType = sourcecode.c.h; path = movie.h; sourceTree = "<group>"; };
		A11F02F32CDAF06500D85332 /* tvShow.cpp */ = {isa = PBXFileReference; lastKnownFileType = sourcecode.cpp.cpp; path = tvShow.cpp; sourceTree = "<group>"; };
		A11F02F42CDAF06500D85332 /* tvShow.h */ = {isa = PBXFileReference; lastKnownFileType = sourcecode.c.h; path = tvShow.h; sourceTree = "<group>"; };
		A11F02F62CDAF0AB00D85332 /* spellChecker.cpp */ = {isa = PBXFileReference; lastKnownFileType = sourcecode.cpp.cpp; path = spellChecker.cpp; sourceTree = "<group>"; };
		A11F02F72CDAF0AB00D85332 /* spellChecker.h */ = {isa = PBXFileReference; lastKnownFileType = sourcecode.c.h; path = spellChecker.h; sourceTree = "<group>"; };
		A11F02F92CDAF0B900D85332 /* collection.cpp */ = {isa = PBXFileReference; lastKnownFileType = sourcecode.cpp.cpp; path = collection.cpp; sourceTree = "<group>"; };
		A11F02FA2CDAF0B900D85332 /* collection.h */ = {isa = PBXFileReference; lastKnownFileType = sourcecode.c.h; path = collection.h; sourceTree = "<group>"; };
		A18CC2D72CE2B9FA0063392B /* settings.cpp */ = {isa = PBXFileReference; lastKnownFileType = sourcecode.cpp.cpp; path = settings.cpp; sourceTree = "<group>"; };
		A1D81C4F2CDAEE6600F70CE7 /* WS03 */ = {isa = PBXFileReference; explicitFileType = "compiled.mach-o.executable"; includeInIndex = 0; path = WS03; sourceTree = BUILT_PRODUCTS_DIR; };
/* End PBXFileReference section */

/* Begin PBXFrameworksBuildPhase section */
		A1D81C4C2CDAEE6600F70CE7 /* Frameworks */ = {
			isa = PBXFrameworksBuildPhase;
			buildActionMask = 2147483647;
			files = (
			);
			runOnlyForDeploymentPostprocessing = 0;
		};
/* End PBXFrameworksBuildPhase section */

/* Begin PBXGroup section */
		A1D81C462CDAEE6600F70CE7 = {
			isa = PBXGroup;
			children = (
				A1D81C512CDAEE6600F70CE7 /* WS03 */,
				A1D81C502CDAEE6600F70CE7 /* Products */,
			);
			sourceTree = "<group>";
		};
		A1D81C502CDAEE6600F70CE7 /* Products */ = {
			isa = PBXGroup;
			children = (
				A1D81C4F2CDAEE6600F70CE7 /* WS03 */,
			);
			name = Products;
			sourceTree = "<group>";
		};
		A1D81C512CDAEE6600F70CE7 /* WS03 */ = {
			isa = PBXGroup;
			children = (
				A11F02E12CDAEF5C00D85332 /* books.csv */,
				A11F02E42CDAEF5C00D85332 /* episodes.csv */,
				A11F02E32CDAEF5C00D85332 /* got.csv */,
				A11F02E62CDAEF5C00D85332 /* mediaItem.h */,
				A11F02E22CDAEF5C00D85332 /* movies.csv */,
				A11F02E72CDAEF5C00D85332 /* tester_1.cpp */,
				A11F02E52CDAEF5C00D85332 /* tvShows.csv */,
				A11F02E82CDAEF5C00D85332 /* words.txt */,
				A11F02F92CDAF0B900D85332 /* collection.cpp */,
				A11F02FA2CDAF0B900D85332 /* collection.h */,
				A11F02F62CDAF0AB00D85332 /* spellChecker.cpp */,
				A11F02F72CDAF0AB00D85332 /* spellChecker.h */,
				A11F02F32CDAF06500D85332 /* tvShow.cpp */,
				A11F02F42CDAF06500D85332 /* tvShow.h */,
				A11F02F02CDAF05600D85332 /* movie.cpp */,
				A11F02F12CDAF05600D85332 /* movie.h */,
				A11F02ED2CDAF04600D85332 /* book.cpp */,
				A11F02EE2CDAF04600D85332 /* book.h */,
				A11F02EB2CDAEF8800D85332 /* settings.h */,
				A18CC2D72CE2B9FA0063392B /* settings.cpp */,
			);
			path = WS03;
			sourceTree = "<group>";
		};
/* End PBXGroup section */

/* Begin PBXNativeTarget section */
		A1D81C4E2CDAEE6600F70CE7 /* WS03 */ = {
			isa = PBXNativeTarget;
			buildConfigurationList = A1D81C562CDAEE6600F70CE7 /* Build configuration list for PBXNativeTarget "WS03" */;
			buildPhases = (
				A1D81C4B2CDAEE6600F70CE7 /* Sources */,
				A1D81C4C2CDAEE6600F70CE7 /* Frameworks */,
				A1D81C4D2CDAEE6600F70CE7 /* CopyFiles */,
			);
			buildRules = (
			);
			dependencies = (
			);
			name = WS03;
			productName = WS03;
			productReference = A1D81C4F2CDAEE6600F70CE7 /* WS03 */;
			productType = "com.apple.product-type.tool";
		};
/* End PBXNativeTarget section */

/* Begin PBXProject section */
		A1D81C472CDAEE6600F70CE7 /* Project object */ = {
			isa = PBXProject;
			attributes = {
				BuildIndependentTargetsInParallel = 1;
				LastUpgradeCheck = 1540;
				TargetAttributes = {
					A1D81C4E2CDAEE6600F70CE7 = {
						CreatedOnToolsVersion = 15.4;
					};
				};
			};
			buildConfigurationList = A1D81C4A2CDAEE6600F70CE7 /* Build configuration list for PBXProject "WS03" */;
			compatibilityVersion = "Xcode 14.0";
			developmentRegion = en;
			hasScannedForEncodings = 0;
			knownRegions = (
				en,
				Base,
			);
			mainGroup = A1D81C462CDAEE6600F70CE7;
			productRefGroup = A1D81C502CDAEE6600F70CE7 /* Products */;
			projectDirPath = "";
			projectRoot = "";
			targets = (
				A1D81C4E2CDAEE6600F70CE7 /* WS03 */,
			);
		};
/* End PBXProject section */

/* Begin PBXSourcesBuildPhase section */
		A1D81C4B2CDAEE6600F70CE7 /* Sources */ = {
			isa = PBXSourcesBuildPhase;
			buildActionMask = 2147483647;
			files = (
				A11F02E92CDAEF5C00D85332 /* tester_1.cpp in Sources */,
				A11F02F52CDAF06500D85332 /* tvShow.cpp in Sources */,
				A11F02F22CDAF05600D85332 /* movie.cpp in Sources */,
				A11F02FB2CDAF0B900D85332 /* collection.cpp in Sources */,
				A11F02F82CDAF0AB00D85332 /* spellChecker.cpp in Sources */,
				A11F02EF2CDAF04600D85332 /* book.cpp in Sources */,
			);
			runOnlyForDeploymentPostprocessing = 0;
		};
/* End PBXSourcesBuildPhase section */

/* Begin XCBuildConfiguration section */
		A1D81C542CDAEE6600F70CE7 /* Debug */ = {
			isa = XCBuildConfiguration;
			buildSettings = {
				ALWAYS_SEARCH_USER_PATHS = NO;
				ASSETCATALOG_COMPILER_GENERATE_SWIFT_ASSET_SYMBOL_EXTENSIONS = YES;
				CLANG_ANALYZER_NONNULL = YES;
				CLANG_ANALYZER_NUMBER_OBJECT_CONVERSION = YES_AGGRESSIVE;
				CLANG_CXX_LANGUAGE_STANDARD = "gnu++20";
				CLANG_ENABLE_MODULES = YES;
				CLANG_ENABLE_OBJC_ARC = YES;
				CLANG_ENABLE_OBJC_WEAK = YES;
				CLANG_WARN_BLOCK_CAPTURE_AUTORELEASING = YES;
				CLANG_WARN_BOOL_CONVERSION = YES;
				CLANG_WARN_COMMA = YES;
				CLANG_WARN_CONSTANT_CONVERSION = YES;
				CLANG_WARN_DEPRECATED_OBJC_IMPLEMENTATIONS = YES;
				CLANG_WARN_DIRECT_OBJC_ISA_USAGE = YES_ERROR;
				CLANG_WARN_DOCUMENTATION_COMMENTS = YES;
				CLANG_WARN_EMPTY_BODY = YES;
				CLANG_WARN_ENUM_CONVERSION = YES;
				CLANG_WARN_INFINITE_RECURSION = YES;
				CLANG_WARN_INT_CONVERSION = YES;
				CLANG_WARN_NON_LITERAL_NULL_CONVERSION = YES;
				CLANG_WARN_OBJC_IMPLICIT_RETAIN_SELF = YES;
				CLANG_WARN_OBJC_LITERAL_CONVERSION = YES;
				CLANG_WARN_OBJC_ROOT_CLASS = YES_ERROR;
				CLANG_WARN_QUOTED_INCLUDE_IN_FRAMEWORK_HEADER = YES;
				CLANG_WARN_RANGE_LOOP_ANALYSIS = YES;
				CLANG_WARN_STRICT_PROTOTYPES = YES;
				CLANG_WARN_SUSPICIOUS_MOVE = YES;
				CLANG_WARN_UNGUARDED_AVAILABILITY = YES_AGGRESSIVE;
				CLANG_WARN_UNREACHABLE_CODE = YES;
				CLANG_WARN__DUPLICATE_METHOD_MATCH = YES;
				COPY_PHASE_STRIP = NO;
				DEBUG_INFORMATION_FORMAT = dwarf;
				ENABLE_STRICT_OBJC_MSGSEND = YES;
				ENABLE_TESTABILITY = YES;
				ENABLE_USER_SCRIPT_SANDBOXING = YES;
				GCC_C_LANGUAGE_STANDARD = gnu17;
				GCC_DYNAMIC_NO_PIC = NO;
				GCC_NO_COMMON_BLOCKS = YES;
				GCC_OPTIMIZATION_LEVEL = 0;
				GCC_PREPROCESSOR_DEFINITIONS = (
					"DEBUG=1",
					"$(inherited)",
				);
				GCC_WARN_64_TO_32_BIT_CONVERSION = YES;
				GCC_WARN_ABOUT_RETURN_TYPE = YES_ERROR;
				GCC_WARN_UNDECLARED_SELECTOR = YES;
				GCC_WARN_UNINITIALIZED_AUTOS = YES_AGGRESSIVE;
				GCC_WARN_UNUSED_FUNCTION = YES;
				GCC_WARN_UNUSED_VARIABLE = YES;
				LOCALIZATION_PREFERS_STRING_CATALOGS = YES;
				MACOSX_DEPLOYMENT_TARGET = 14.2;
				MTL_ENABLE_DEBUG_INFO = INCLUDE_SOURCE;
				MTL_FAST_MATH = YES;
				ONLY_ACTIVE_ARCH = YES;
				SDKROOT = macosx;
			};
			name = Debug;
		};
		A1D81C552CDAEE6600F70CE7 /* Release */ = {
			isa = XCBuildConfiguration;
			buildSettings = {
				ALWAYS_SEARCH_USER_PATHS = NO;
				ASSETCATALOG_COMPILER_GENERATE_SWIFT_ASSET_SYMBOL_EXTENSIONS = YES;
				CLANG_ANALYZER_NONNULL = YES;
				CLANG_ANALYZER_NUMBER_OBJECT_CONVERSION = YES_AGGRESSIVE;
				CLANG_CXX_LANGUAGE_STANDARD = "gnu++20";
				CLANG_ENABLE_MODULES = YES;
				CLANG_ENABLE_OBJC_ARC = YES;
				CLANG_ENABLE_OBJC_WEAK = YES;
				CLANG_WARN_BLOCK_CAPTURE_AUTORELEASING = YES;
				CLANG_WARN_BOOL_CONVERSION = YES;
				CLANG_WARN_COMMA = YES;
				CLANG_WARN_CONSTANT_CONVERSION = YES;
				CLANG_WARN_DEPRECATED_OBJC_IMPLEMENTATIONS = YES;
				CLANG_WARN_DIRECT_OBJC_ISA_USAGE = YES_ERROR;
				CLANG_WARN_DOCUMENTATION_COMMENTS = YES;
				CLANG_WARN_EMPTY_BODY = YES;
				CLANG_WARN_ENUM_CONVERSION = YES;
				CLANG_WARN_INFINITE_RECURSION = YES;
				CLANG_WARN_INT_CONVERSION = YES;
				CLANG_WARN_NON_LITERAL_NULL_CONVERSION = YES;
				CLANG_WARN_OBJC_IMPLICIT_RETAIN_SELF = YES;
				CLANG_WARN_OBJC_LITERAL_CONVERSION = YES;
				CLANG_WARN_OBJC_ROOT_CLASS = YES_ERROR;
				CLANG_WARN_QUOTED_INCLUDE_IN_FRAMEWORK_HEADER = YES;
				CLANG_WARN_RANGE_LOOP_ANALYSIS = YES;
				CLANG_WARN_STRICT_PROTOTYPES = YES;
				CLANG_WARN_SUSPICIOUS_MOVE = YES;
				CLANG_WARN_UNGUARDED_AVAILABILITY = YES_AGGRESSIVE;
				CLANG_WARN_UNREACHABLE_CODE = YES;
				CLANG_WARN__DUPLICATE_METHOD_MATCH = YES;
				COPY_PHASE_STRIP = NO;
				DEBUG_INFORMATION_FORMAT = "dwarf-with-dsym";
				ENABLE_NS_ASSERTIONS = NO;
				ENABLE_STRICT_OBJC_MSGSEND = YES;
				ENABLE_USER_SCRIPT_SANDBOXING = YES;
				GCC_C_LANGUAGE_STANDARD = gnu17;
				GCC_NO_COMMON_BLOCKS = YES;
				GCC_WARN_64_TO_32_BIT_CONVERSION = YES;
				GCC_WARN_ABOUT_RETURN_TYPE = YES_ERROR;
				GCC_WARN_UNDECLARED_SELECTOR = YES;
				GCC_WARN_UNINITIALIZED_AUTOS = YES_AGGRESSIVE;
				GCC_WARN_UNUSED_FUNCTION = YES;
				GCC_WARN_UNUSED_VARIABLE = YES;
				LOCALIZATION_PREFERS_STRING_CATALOGS = YES;
				MACOSX_DEPLOYMENT_TARGET = 14.2;
				MTL_ENABLE_DEBUG_INFO = NO;
				MTL_FAST_MATH = YES;
				SDKROOT = macosx;
			};
			name = Release;
		};
		A1D81C572CDAEE6600F70CE7 /* Debug */ = {
			isa = XCBuildConfiguration;
			buildSettings = {
				CODE_SIGN_STYLE = Automatic;
				PRODUCT_NAME = "$(TARGET_NAME)";
			};
			name = Debug;
		};
		A1D81C582CDAEE6600F70CE7 /* Release */ = {
			isa = XCBuildConfiguration;
			buildSettings = {
				CODE_SIGN_STYLE = Automatic;
				PRODUCT_NAME = "$(TARGET_NAME)";
			};
			name = Release;
		};
/* End XCBuildConfiguration section */

/* Begin XCConfigurationList section */
		A1D81C4A2CDAEE6600F70CE7 /* Build configuration list for PBXProject "WS03" */ = {
			isa = XCConfigurationList;
			buildConfigurations = (
				A1D81C542CDAEE6600F70CE7 /* Debug */,
				A1D81C552CDAEE6600F70CE7 /* Release */,
			);
			defaultConfigurationIsVisible = 0;
			defaultConfigurationName = Release;
		};
		A1D81C562CDAEE6600F70CE7 /* Build configuration list for PBXNativeTarget "WS03" */ = {
			isa = XCConfigurationList;
			buildConfigurations = (
				A1D81C572CDAEE6600F70CE7 /* Debug */,
				A1D81C582CDAEE6600F70CE7 /* Release */,
			);
			defaultConfigurationIsVisible = 0;
			defaultConfigurationName = Release;
		};
/* End XCConfigurationList section */
	};
	rootObject = A1D81C472CDAEE6600F70CE7 /* Project object */;
}
